
Microsoft Visual Studio Solution File, Format Version 12.00
# Visual Studio 14
VisualStudioVersion = 14.0.25420.1
MinimumVisualStudioVersion = 10.0.40219.1
Project("{FAE04EC0-301F-11D3-BF4B-00C04F79EFBC}") = "FruitBasket.Core", "FruitBasket.Core\FruitBasket.Core.csproj", "{2D6C8AEC-25C6-4CAD-A019-CC9A87AA1068}"
EndProject
Project("{FAE04EC0-301F-11D3-BF4B-00C04F79EFBC}") = "FruitBasket.Web", "FruitBasket.Web\FruitBasket.Web.csproj", "{8217A847-A86B-45C8-8517-8E6904D1D6EB}"
EndProject
Global
	GlobalSection(SolutionConfigurationPlatforms) = preSolution
		Debug|Any CPU = Debug|Any CPU
		Release|Any CPU = Release|Any CPU
	EndGlobalSection
	GlobalSection(ProjectConfigurationPlatforms) = postSolution
		{2D6C8AEC-25C6-4CAD-A019-CC9A87AA1068}.Debug|Any CPU.ActiveCfg = Debug|Any CPU
		{2D6C8AEC-25C6-4CAD-A019-CC9A87AA1068}.Debug|Any CPU.Build.0 = Debug|Any CPU
		{2D6C8AEC-25C6-4CAD-A019-CC9A87AA1068}.Release|Any CPU.ActiveCfg = Release|Any CPU
		{2D6C8AEC-25C6-4CAD-A019-CC9A87AA1068}.Release|Any CPU.Build.0 = Release|Any CPU
		{8217A847-A86B-45C8-8517-8E6904D1D6EB}.Debug|Any CPU.ActiveCfg = Debug|Any CPU
		{8217A847-A86B-45C8-8517-8E6904D1D6EB}.Debug|Any CPU.Build.0 = Debug|Any CPU
		{8217A847-A86B-45C8-8517-8E6904D1D6EB}.Release|Any CPU.ActiveCfg = Release|Any CPU
		{8217A847-A86B-45C8-8517-8E6904D1D6EB}.Release|Any CPU.Build.0 = Release|Any CPU
	EndGlobalSection
	GlobalSection(SolutionProperties) = preSolution
		HideSolutionNode = FALSE
	EndGlobalSection
EndGlobal
